
Microsoft Visual Studio Solution File, Format Version 12.00
# Visual Studio Version 17
VisualStudioVersion = 17.11.34929.205
MinimumVisualStudioVersion = 10.0.40219.1
Project("{FAE04EC0-301F-11D3-BF4B-00C04F79EFBC}") = "testfromMPlat", "testfromMPlat\testfromMPlat.csproj", "{A6B77D67-A2D2-40A4-86E0-9D090F0A7FC5}"
EndProject
Global
	GlobalSection(SolutionConfigurationPlatforms) = preSolution
		Debug|Any CPU = Debug|Any CPU
		Release|Any CPU = Release|Any CPU
	EndGlobalSection
	GlobalSection(ProjectConfigurationPlatforms) = postSolution
		{A6B77D67-A2D2-40A4-86E0-9D090F0A7FC5}.Debug|Any CPU.ActiveCfg = Debug|Any CPU
		{A6B77D67-A2D2-40A4-86E0-9D090F0A7FC5}.Debug|Any CPU.Build.0 = Debug|Any CPU
		{A6B77D67-A2D2-40A4-86E0-9D090F0A7FC5}.Release|Any CPU.ActiveCfg = Release|Any CPU
		{A6B77D67-A2D2-40A4-86E0-9D090F0A7FC5}.Release|Any CPU.Build.0 = Release|Any CPU
	EndGlobalSection
	GlobalSection(SolutionProperties) = preSolution
		HideSolutionNode = FALSE
	EndGlobalSection
	GlobalSection(ExtensibilityGlobals) = postSolution
		SolutionGuid = {6B702ECD-4E74-4B7E-9E95-74D1F62BFD80}
	EndGlobalSection
EndGlobal
